{
  "name": "PracticaAgosto31_2026",
  "lockfileVersion": 3,
  "requires": true,
  "packages": {
    "": {
      "devDependencies": {
        "ia-project-indexer": "^1.8.0"
      }
    },
    "node_modules/ia-project-indexer": {
      "version": "1.8.0",
      "resolved": "https://registry.npmjs.org/ia-project-indexer/-/ia-project-indexer-1.8.0.tgz",
      "integrity": "sha512-T8EJgHovR3BDjmQf9m3YeJqYNAEImWv1rgkcw/YCyVT9yqsjkwSjg56FjVSNCvcyh1t7CpNFZr+Uks1ody06kg==",
      "dev": true,
      "license": "MIT",
      "bin": {
        "ia-index": "index.js"
      },
      "engines": {
        "node": ">=16"
      }
    }
  }
}
